PODS:
  - AppAuth (1.4.0):
    - AppAuth/Core (= 1.4.0)
    - AppAuth/ExternalUserAgent (= 1.4.0)
  - AppAuth/Core (1.4.0)
  - AppAuth/ExternalUserAgent (1.4.0)
  - boost-for-react-native (1.63.0)
  - BVLinearGradient (2.5.6):
    - React
  - CocoaAsyncSocket (7.6.4)
  - CocoaLibEvent (1.0.0)
  - DoubleConversion (1.1.6)
  - FBLazyVector (0.63.2)
  - FBReactNativeSpec (0.63.2):
    - Folly (= 2020.01.13.00)
    - RCTRequired (= 0.63.2)
    - RCTTypeSafety (= 0.63.2)
    - React-Core (= 0.63.2)
    - React-jsi (= 0.63.2)
    - ReactCommon/turbomodule/core (= 0.63.2)
  - FBSDKCoreKit (5.8.0):
    - FBSDKCoreKit/Basics (= 5.8.0)
    - FBSDKCoreKit/Core (= 5.8.0)
  - FBSDKCoreKit/Basics (5.8.0)
  - FBSDKCoreKit/Core (5.8.0):
    - FBSDKCoreKit/Basics
  - FBSDKLoginKit (5.8.0):
    - FBSDKLoginKit/Login (= 5.8.0)
  - FBSDKLoginKit/Login (5.8.0):
    - FBSDKCoreKit (~> 5.0)
  - FBSDKShareKit (5.8.0):
    - FBSDKShareKit/Share (= 5.8.0)
  - FBSDKShareKit/Share (5.8.0):
    - FBSDKCoreKit (~> 5.0)
  - Firebase/CoreOnly (6.30.0):
    - FirebaseCore (= 6.10.0)
  - FirebaseCore (6.10.0):
    - FirebaseCoreDiagnostics (~> 1.3)
    - GoogleUtilities/Environment (~> 6.7)
    - GoogleUtilities/Logger (~> 6.7)
  - FirebaseCoreDiagnostics (1.6.0):
    - GoogleDataTransport (~> 7.2)
    - GoogleUtilities/Environment (~> 6.7)
    - GoogleUtilities/Logger (~> 6.7)
    - nanopb (~> 1.30906.0)
  - Flipper (0.41.5):
    - Flipper-Folly (~> 2.2)
    - Flipper-RSocket (~> 1.1)
  - Flipper-DoubleConversion (1.1.7)
  - Flipper-Folly (2.2.0):
    - boost-for-react-native
    - CocoaLibEvent (~> 1.0)
    - Flipper-DoubleConversion
    - Flipper-Glog
    - OpenSSL-Universal (= 1.0.2.19)
  - Flipper-Glog (0.3.6)
  - Flipper-PeerTalk (0.0.4)
  - Flipper-RSocket (1.1.0):
    - Flipper-Folly (~> 2.2)
  - FlipperKit (0.41.5):
    - FlipperKit/Core (= 0.41.5)
  - FlipperKit/Core (0.41.5):
    - Flipper (~> 0.41.5)
    - FlipperKit/CppBridge
    - FlipperKit/FBCxxFollyDynamicConvert
    - FlipperKit/FBDefines
    - FlipperKit/FKPortForwarding
  - FlipperKit/CppBridge (0.41.5):
    - Flipper (~> 0.41.5)
  - FlipperKit/FBCxxFollyDynamicConvert (0.41.5):
    - Flipper-Folly (~> 2.2)
  - FlipperKit/FBDefines (0.41.5)
  - FlipperKit/FKPortForwarding (0.41.5):
    - CocoaAsyncSocket (~> 7.6)
    - Flipper-PeerTalk (~> 0.0.4)
  - FlipperKit/FlipperKitHighlightOverlay (0.41.5)
  - FlipperKit/FlipperKitLayoutPlugin (0.41.5):
    - FlipperKit/Core
    - FlipperKit/FlipperKitHighlightOverlay
    - FlipperKit/FlipperKitLayoutTextSearchable
    - YogaKit (~> 1.18)
  - FlipperKit/FlipperKitLayoutTextSearchable (0.41.5)
  - FlipperKit/FlipperKitNetworkPlugin (0.41.5):
    - FlipperKit/Core
  - FlipperKit/FlipperKitReactPlugin (0.41.5):
    - FlipperKit/Core
  - FlipperKit/FlipperKitUserDefaultsPlugin (0.41.5):
    - FlipperKit/Core
  - FlipperKit/SKIOSNetworkPlugin (0.41.5):
    - FlipperKit/Core
    - FlipperKit/FlipperKitNetworkPlugin
  - Folly (2020.01.13.00):
    - boost-for-react-native
    - DoubleConversion
    - Folly/Default (= 2020.01.13.00)
    - glog
  - Folly/Default (2020.01.13.00):
    - boost-for-react-native
    - DoubleConversion
    - glog
  - glog (0.3.5)
  - GoogleDataTransport (7.3.0):
    - nanopb (~> 1.30906.0)
  - GoogleSignIn (5.0.2):
    - AppAuth (~> 1.2)
    - GTMAppAuth (~> 1.0)
    - GTMSessionFetcher/Core (~> 1.1)
  - GoogleUtilities/Environment (6.7.2):
    - PromisesObjC (~> 1.2)
  - GoogleUtilities/Logger (6.7.2):
    - GoogleUtilities/Environment
  - GTMAppAuth (1.0.0):
    - AppAuth/Core (~> 1.0)
    - GTMSessionFetcher (~> 1.1)
  - GTMSessionFetcher (1.4.0):
    - GTMSessionFetcher/Full (= 1.4.0)
  - GTMSessionFetcher/Core (1.4.0)
  - GTMSessionFetcher/Full (1.4.0):
    - GTMSessionFetcher/Core (= 1.4.0)
  - libwebp (1.1.0):
    - libwebp/demux (= 1.1.0)
    - libwebp/mux (= 1.1.0)
    - libwebp/webp (= 1.1.0)
  - libwebp/demux (1.1.0):
    - libwebp/webp
  - libwebp/mux (1.1.0):
    - libwebp/demux
  - libwebp/webp (1.1.0)
  - lottie-ios (3.1.8)
  - lottie-react-native (3.5.0):
    - lottie-ios (~> 3.1.8)
    - React
  - nanopb (1.30906.0):
    - nanopb/decode (= 1.30906.0)
    - nanopb/encode (= 1.30906.0)
  - nanopb/decode (1.30906.0)
  - nanopb/encode (1.30906.0)
  - OpenSSL-Universal (1.0.2.19):
    - OpenSSL-Universal/Static (= 1.0.2.19)
  - OpenSSL-Universal/Static (1.0.2.19)
  - Permission-BluetoothPeripheral (2.2.0):
    - RNPermissions
  - Permission-Calendars (2.2.0):
    - RNPermissions
  - Permission-Camera (2.2.0):
    - RNPermissions
  - Permission-Contacts (2.2.0):
    - RNPermissions
  - Permission-FaceID (2.2.0):
    - RNPermissions
  - Permission-LocationAlways (2.2.0):
    - RNPermissions
  - Permission-LocationWhenInUse (2.2.0):
    - RNPermissions
  - Permission-MediaLibrary (2.2.0):
    - RNPermissions
  - Permission-Microphone (2.2.0):
    - RNPermissions
  - Permission-Motion (2.2.0):
    - RNPermissions
  - Permission-Notifications (2.2.0):
    - RNPermissions
  - Permission-PhotoLibrary (2.2.0):
    - RNPermissions
  - Permission-Reminders (2.2.0):
    - RNPermissions
  - PromisesObjC (1.2.10)
  - RCTRequired (0.63.2)
  - RCTTypeSafety (0.63.2):
    - FBLazyVector (= 0.63.2)
    - Folly (= 2020.01.13.00)
    - RCTRequired (= 0.63.2)
    - React-Core (= 0.63.2)
  - RCTYouTube (2.0.1):
    - React
    - YoutubePlayer-in-WKWebView (~> 0.3.1)
  - React (0.63.2):
    - React-Core (= 0.63.2)
    - React-Core/DevSupport (= 0.63.2)
    - React-Core/RCTWebSocket (= 0.63.2)
    - React-RCTActionSheet (= 0.63.2)
    - React-RCTAnimation (= 0.63.2)
    - React-RCTBlob (= 0.63.2)
    - React-RCTImage (= 0.63.2)
    - React-RCTLinking (= 0.63.2)
    - React-RCTNetwork (= 0.63.2)
    - React-RCTSettings (= 0.63.2)
    - React-RCTText (= 0.63.2)
    - React-RCTVibration (= 0.63.2)
  - React-callinvoker (0.63.2)
  - React-Core (0.63.2):
    - Folly (= 2020.01.13.00)
    - glog
    - React-Core/Default (= 0.63.2)
    - React-cxxreact (= 0.63.2)
    - React-jsi (= 0.63.2)
    - React-jsiexecutor (= 0.63.2)
    - Yoga
  - React-Core/CoreModulesHeaders (0.63.2):
    - Folly (= 2020.01.13.00)
    - glog
    - React-Core/Default
    - React-cxxreact (= 0.63.2)
    - React-jsi (= 0.63.2)
    - React-jsiexecutor (= 0.63.2)
    - Yoga
  - React-Core/Default (0.63.2):
    - Folly (= 2020.01.13.00)
    - glog
    - React-cxxreact (= 0.63.2)
    - React-jsi (= 0.63.2)
    - React-jsiexecutor (= 0.63.2)
    - Yoga
  - React-Core/DevSupport (0.63.2):
    - Folly (= 2020.01.13.00)
    - glog
    - React-Core/Default (= 0.63.2)
    - React-Core/RCTWebSocket (= 0.63.2)
    - React-cxxreact (= 0.63.2)
    - React-jsi (= 0.63.2)
    - React-jsiexecutor (= 0.63.2)
    - React-jsinspector (= 0.63.2)
    - Yoga
  - React-Core/RCTActionSheetHeaders (0.63.2):
    - Folly (= 2020.01.13.00)
    - glog
    - React-Core/Default
    - React-cxxreact (= 0.63.2)
    - React-jsi (= 0.63.2)
    - React-jsiexecutor (= 0.63.2)
    - Yoga
  - React-Core/RCTAnimationHeaders (0.63.2):
    - Folly (= 2020.01.13.00)
    - glog
    - React-Core/Default
    - React-cxxreact (= 0.63.2)
    - React-jsi (= 0.63.2)
    - React-jsiexecutor (= 0.63.2)
    - Yoga
  - React-Core/RCTBlobHeaders (0.63.2):
    - Folly (= 2020.01.13.00)
    - glog
    - React-Core/Default
    - React-cxxreact (= 0.63.2)
    - React-jsi (= 0.63.2)
    - React-jsiexecutor (= 0.63.2)
    - Yoga
  - React-Core/RCTImageHeaders (0.63.2):
    - Folly (= 2020.01.13.00)
    - glog
    - React-Core/Default
    - React-cxxreact (= 0.63.2)
    - React-jsi (= 0.63.2)
    - React-jsiexecutor (= 0.63.2)
    - Yoga
  - React-Core/RCTLinkingHeaders (0.63.2):
    - Folly (= 2020.01.13.00)
    - glog
    - React-Core/Default
    - React-cxxreact (= 0.63.2)
    - React-jsi (= 0.63.2)
    - React-jsiexecutor (= 0.63.2)
    - Yoga
  - React-Core/RCTNetworkHeaders (0.63.2):
    - Folly (= 2020.01.13.00)
    - glog
    - React-Core/Default
    - React-cxxreact (= 0.63.2)
    - React-jsi (= 0.63.2)
    - React-jsiexecutor (= 0.63.2)
    - Yoga
  - React-Core/RCTSettingsHeaders (0.63.2):
    - Folly (= 2020.01.13.00)
    - glog
    - React-Core/Default
    - React-cxxreact (= 0.63.2)
    - React-jsi (= 0.63.2)
    - React-jsiexecutor (= 0.63.2)
    - Yoga
  - React-Core/RCTTextHeaders (0.63.2):
    - Folly (= 2020.01.13.00)
    - glog
    - React-Core/Default
    - React-cxxreact (= 0.63.2)
    - React-jsi (= 0.63.2)
    - React-jsiexecutor (= 0.63.2)
    - Yoga
  - React-Core/RCTVibrationHeaders (0.63.2):
    - Folly (= 2020.01.13.00)
    - glog
    - React-Core/Default
    - React-cxxreact (= 0.63.2)
    - React-jsi (= 0.63.2)
    - React-jsiexecutor (= 0.63.2)
    - Yoga
  - React-Core/RCTWebSocket (0.63.2):
    - Folly (= 2020.01.13.00)
    - glog
    - React-Core/Default (= 0.63.2)
    - React-cxxreact (= 0.63.2)
    - React-jsi (= 0.63.2)
    - React-jsiexecutor (= 0.63.2)
    - Yoga
  - React-CoreModules (0.63.2):
    - FBReactNativeSpec (= 0.63.2)
    - Folly (= 2020.01.13.00)
    - RCTTypeSafety (= 0.63.2)
    - React-Core/CoreModulesHeaders (= 0.63.2)
    - React-jsi (= 0.63.2)
    - React-RCTImage (= 0.63.2)
    - ReactCommon/turbomodule/core (= 0.63.2)
  - React-cxxreact (0.63.2):
    - boost-for-react-native (= 1.63.0)
    - DoubleConversion
    - Folly (= 2020.01.13.00)
    - glog
    - React-callinvoker (= 0.63.2)
    - React-jsinspector (= 0.63.2)
  - React-jsi (0.63.2):
    - boost-for-react-native (= 1.63.0)
    - DoubleConversion
    - Folly (= 2020.01.13.00)
    - glog
    - React-jsi/Default (= 0.63.2)
  - React-jsi/Default (0.63.2):
    - boost-for-react-native (= 1.63.0)
    - DoubleConversion
    - Folly (= 2020.01.13.00)
    - glog
  - React-jsiexecutor (0.63.2):
    - DoubleConversion
    - Folly (= 2020.01.13.00)
    - glog
    - React-cxxreact (= 0.63.2)
    - React-jsi (= 0.63.2)
  - React-jsinspector (0.63.2)
  - react-native-appearance (0.3.4):
    - React
  - react-native-fbsdk (1.1.2):
    - React
    - react-native-fbsdk/Core (= 1.1.2)
    - react-native-fbsdk/Login (= 1.1.2)
    - react-native-fbsdk/Share (= 1.1.2)
  - react-native-fbsdk/Core (1.1.2):
    - FBSDKCoreKit (= 5.8)
    - React
  - react-native-fbsdk/Login (1.1.2):
    - FBSDKLoginKit (= 5.8)
    - React
  - react-native-fbsdk/Share (1.1.2):
    - FBSDKShareKit (= 5.8)
    - React
  - react-native-netinfo (5.0.0):
    - React
  - react-native-safe-area-context (0.7.3):
    - React
  - react-native-webview (9.4.0):
    - React
  - React-RCTActionSheet (0.63.2):
    - React-Core/RCTActionSheetHeaders (= 0.63.2)
  - React-RCTAnimation (0.63.2):
    - FBReactNativeSpec (= 0.63.2)
    - Folly (= 2020.01.13.00)
    - RCTTypeSafety (= 0.63.2)
    - React-Core/RCTAnimationHeaders (= 0.63.2)
    - React-jsi (= 0.63.2)
    - ReactCommon/turbomodule/core (= 0.63.2)
  - React-RCTBlob (0.63.2):
    - FBReactNativeSpec (= 0.63.2)
    - Folly (= 2020.01.13.00)
    - React-Core/RCTBlobHeaders (= 0.63.2)
    - React-Core/RCTWebSocket (= 0.63.2)
    - React-jsi (= 0.63.2)
    - React-RCTNetwork (= 0.63.2)
    - ReactCommon/turbomodule/core (= 0.63.2)
  - React-RCTImage (0.63.2):
    - FBReactNativeSpec (= 0.63.2)
    - Folly (= 2020.01.13.00)
    - RCTTypeSafety (= 0.63.2)
    - React-Core/RCTImageHeaders (= 0.63.2)
    - React-jsi (= 0.63.2)
    - React-RCTNetwork (= 0.63.2)
    - ReactCommon/turbomodule/core (= 0.63.2)
  - React-RCTLinking (0.63.2):
    - FBReactNativeSpec (= 0.63.2)
    - React-Core/RCTLinkingHeaders (= 0.63.2)
    - React-jsi (= 0.63.2)
    - ReactCommon/turbomodule/core (= 0.63.2)
  - React-RCTNetwork (0.63.2):
    - FBReactNativeSpec (= 0.63.2)
    - Folly (= 2020.01.13.00)
    - RCTTypeSafety (= 0.63.2)
    - React-Core/RCTNetworkHeaders (= 0.63.2)
    - React-jsi (= 0.63.2)
    - ReactCommon/turbomodule/core (= 0.63.2)
  - React-RCTSettings (0.63.2):
    - FBReactNativeSpec (= 0.63.2)
    - Folly (= 2020.01.13.00)
    - RCTTypeSafety (= 0.63.2)
    - React-Core/RCTSettingsHeaders (= 0.63.2)
    - React-jsi (= 0.63.2)
    - ReactCommon/turbomodule/core (= 0.63.2)
  - React-RCTText (0.63.2):
    - React-Core/RCTTextHeaders (= 0.63.2)
  - React-RCTVibration (0.63.2):
    - FBReactNativeSpec (= 0.63.2)
    - Folly (= 2020.01.13.00)
    - React-Core/RCTVibrationHeaders (= 0.63.2)
    - React-jsi (= 0.63.2)
    - ReactCommon/turbomodule/core (= 0.63.2)
  - ReactCommon/turbomodule/core (0.63.2):
    - DoubleConversion
    - Folly (= 2020.01.13.00)
    - glog
    - React-callinvoker (= 0.63.2)
    - React-Core (= 0.63.2)
    - React-cxxreact (= 0.63.2)
    - React-jsi (= 0.63.2)
  - ReactNativeDarkMode (0.2.2):
    - React
  - RNAudioRecord (0.2.2):
    - React
  - RNCAsyncStorage (1.12.0):
    - React
  - RNCMaskedView (0.1.10):
    - React
  - RNCPushNotificationIOS (1.5.0):
    - React
  - RNDeviceInfo (5.6.5):
    - React
  - RNFastImage (8.3.2):
    - React
    - SDWebImage (~> 5.8)
    - SDWebImageWebPCoder (~> 0.6.1)
  - RNFBApp (8.4.3):
    - Firebase/CoreOnly (~> 6.30.0)
    - React-Core
  - RNGestureHandler (1.8.0):
    - React
  - RNGoogleSignin (4.0.3):
    - GoogleSignIn (~> 5.0.0)
    - React
  - RNLocalize (1.4.1):
    - React
  - RNNotifee (0.11.1):
    - React
  - RNPermissions (2.2.0):
    - React
  - RNReanimated (1.13.0):
    - React
  - RNScreens (2.11.0):
    - React
  - RNSVG (9.13.6):
    - React
  - RNVectorIcons (7.1.0):
    - React
  - SDWebImage (5.9.0):
    - SDWebImage/Core (= 5.9.0)
  - SDWebImage/Core (5.9.0)
  - SDWebImageWebPCoder (0.6.1):
    - libwebp (~> 1.0)
    - SDWebImage/Core (~> 5.7)
  - TouchID (4.4.1):
    - React
  - Yoga (1.14.0)
  - YogaKit (1.18.1):
    - Yoga (~> 1.14)
  - YoutubePlayer-in-WKWebView (0.3.4)

DEPENDENCIES:
  - BVLinearGradient (from `../node_modules/react-native-linear-gradient`)
  - DoubleConversion (from `../node_modules/react-native/third-party-podspecs/DoubleConversion.podspec`)
  - FBLazyVector (from `../node_modules/react-native/Libraries/FBLazyVector`)
  - FBReactNativeSpec (from `../node_modules/react-native/Libraries/FBReactNativeSpec`)
  - FBSDKCoreKit (~> 5.8.0)
  - FBSDKLoginKit (~> 5.8.0)
  - FBSDKShareKit (~> 5.8.0)
  - Flipper (~> 0.41.1)
  - Flipper-DoubleConversion (= 1.1.7)
  - Flipper-Folly (~> 2.2)
  - Flipper-Glog (= 0.3.6)
  - Flipper-PeerTalk (~> 0.0.4)
  - Flipper-RSocket (~> 1.1)
  - FlipperKit (~> 0.41.1)
  - FlipperKit/Core (~> 0.41.1)
  - FlipperKit/CppBridge (~> 0.41.1)
  - FlipperKit/FBCxxFollyDynamicConvert (~> 0.41.1)
  - FlipperKit/FBDefines (~> 0.41.1)
  - FlipperKit/FKPortForwarding (~> 0.41.1)
  - FlipperKit/FlipperKitHighlightOverlay (~> 0.41.1)
  - FlipperKit/FlipperKitLayoutPlugin (~> 0.41.1)
  - FlipperKit/FlipperKitLayoutTextSearchable (~> 0.41.1)
  - FlipperKit/FlipperKitNetworkPlugin (~> 0.41.1)
  - FlipperKit/FlipperKitReactPlugin (~> 0.41.1)
  - FlipperKit/FlipperKitUserDefaultsPlugin (~> 0.41.1)
  - FlipperKit/SKIOSNetworkPlugin (~> 0.41.1)
  - Folly (from `../node_modules/react-native/third-party-podspecs/Folly.podspec`)
  - glog (from `../node_modules/react-native/third-party-podspecs/glog.podspec`)
  - GoogleSignIn (~> 5.0.0)
  - lottie-ios (from `../node_modules/lottie-ios`)
  - lottie-react-native (from `../node_modules/lottie-react-native`)
  - Permission-BluetoothPeripheral (from `../node_modules/react-native-permissions/ios/BluetoothPeripheral.podspec`)
  - Permission-Calendars (from `../node_modules/react-native-permissions/ios/Calendars.podspec`)
  - Permission-Camera (from `../node_modules/react-native-permissions/ios/Camera.podspec`)
  - Permission-Contacts (from `../node_modules/react-native-permissions/ios/Contacts.podspec`)
  - Permission-FaceID (from `../node_modules/react-native-permissions/ios/FaceID.podspec`)
  - Permission-LocationAlways (from `../node_modules/react-native-permissions/ios/LocationAlways.podspec`)
  - Permission-LocationWhenInUse (from `../node_modules/react-native-permissions/ios/LocationWhenInUse.podspec`)
  - Permission-MediaLibrary (from `../node_modules/react-native-permissions/ios/MediaLibrary.podspec`)
  - Permission-Microphone (from `../node_modules/react-native-permissions/ios/Microphone.podspec`)
  - Permission-Motion (from `../node_modules/react-native-permissions/ios/Motion.podspec`)
  - Permission-Notifications (from `../node_modules/react-native-permissions/ios/Notifications.podspec`)
  - Permission-PhotoLibrary (from `../node_modules/react-native-permissions/ios/PhotoLibrary.podspec`)
  - Permission-Reminders (from `../node_modules/react-native-permissions/ios/Reminders.podspec`)
  - RCTRequired (from `../node_modules/react-native/Libraries/RCTRequired`)
  - RCTTypeSafety (from `../node_modules/react-native/Libraries/TypeSafety`)
  - RCTYouTube (from `../node_modules/react-native-youtube`)
  - React (from `../node_modules/react-native/`)
  - React-callinvoker (from `../node_modules/react-native/ReactCommon/callinvoker`)
  - React-Core (from `../node_modules/react-native/`)
  - React-Core/DevSupport (from `../node_modules/react-native/`)
  - React-Core/RCTWebSocket (from `../node_modules/react-native/`)
  - React-CoreModules (from `../node_modules/react-native/React/CoreModules`)
  - React-cxxreact (from `../node_modules/react-native/ReactCommon/cxxreact`)
  - React-jsi (from `../node_modules/react-native/ReactCommon/jsi`)
  - React-jsiexecutor (from `../node_modules/react-native/ReactCommon/jsiexecutor`)
  - React-jsinspector (from `../node_modules/react-native/ReactCommon/jsinspector`)
  - react-native-appearance (from `../node_modules/react-native-appearance`)
  - react-native-fbsdk (from `../node_modules/react-native-fbsdk`)
  - "react-native-netinfo (from `../node_modules/@react-native-community/netinfo`)"
  - react-native-safe-area-context (from `../node_modules/react-native-safe-area-context`)
  - react-native-webview (from `../node_modules/react-native-webview`)
  - React-RCTActionSheet (from `../node_modules/react-native/Libraries/ActionSheetIOS`)
  - React-RCTAnimation (from `../node_modules/react-native/Libraries/NativeAnimation`)
  - React-RCTBlob (from `../node_modules/react-native/Libraries/Blob`)
  - React-RCTImage (from `../node_modules/react-native/Libraries/Image`)
  - React-RCTLinking (from `../node_modules/react-native/Libraries/LinkingIOS`)
  - React-RCTNetwork (from `../node_modules/react-native/Libraries/Network`)
  - React-RCTSettings (from `../node_modules/react-native/Libraries/Settings`)
  - React-RCTText (from `../node_modules/react-native/Libraries/Text`)
  - React-RCTVibration (from `../node_modules/react-native/Libraries/Vibration`)
  - ReactCommon/turbomodule/core (from `../node_modules/react-native/ReactCommon`)
  - ReactNativeDarkMode (from `../node_modules/react-native-dark-mode`)
  - RNAudioRecord (from `../node_modules/react-native-audio-record`)
  - "RNCAsyncStorage (from `../node_modules/@react-native-community/async-storage`)"
  - "RNCMaskedView (from `../node_modules/@react-native-community/masked-view`)"
  - "RNCPushNotificationIOS (from `../node_modules/@react-native-community/push-notification-ios`)"
  - RNDeviceInfo (from `../node_modules/react-native-device-info`)
  - RNFastImage (from `../node_modules/react-native-fast-image`)
  - "RNFBApp (from `../node_modules/@react-native-firebase/app`)"
  - RNGestureHandler (from `../node_modules/react-native-gesture-handler`)
  - "RNGoogleSignin (from `../node_modules/@react-native-community/google-signin`)"
  - RNLocalize (from `../node_modules/react-native-localize`)
  - "RNNotifee (from `../node_modules/@notifee/react-native`)"
  - RNPermissions (from `../node_modules/react-native-permissions`)
  - RNReanimated (from `../node_modules/react-native-reanimated`)
  - RNScreens (from `../node_modules/react-native-screens`)
  - RNSVG (from `../node_modules/react-native-svg`)
  - RNVectorIcons (from `../node_modules/react-native-vector-icons`)
  - TouchID (from `../node_modules/react-native-touch-id`)
  - Yoga (from `../node_modules/react-native/ReactCommon/yoga`)

SPEC REPOS:
  trunk:
    - AppAuth
    - boost-for-react-native
    - CocoaAsyncSocket
    - CocoaLibEvent
    - FBSDKCoreKit
    - FBSDKLoginKit
    - FBSDKShareKit
    - Firebase
    - FirebaseCore
    - FirebaseCoreDiagnostics
    - Flipper
    - Flipper-DoubleConversion
    - Flipper-Folly
    - Flipper-Glog
    - Flipper-PeerTalk
    - Flipper-RSocket
    - FlipperKit
    - GoogleDataTransport
    - GoogleSignIn
    - GoogleUtilities
    - GTMAppAuth
    - GTMSessionFetcher
    - libwebp
    - nanopb
    - OpenSSL-Universal
    - PromisesObjC
    - SDWebImage
    - SDWebImageWebPCoder
    - YogaKit
    - YoutubePlayer-in-WKWebView

EXTERNAL SOURCES:
  BVLinearGradient:
    :path: "../node_modules/react-native-linear-gradient"
  DoubleConversion:
    :podspec: "../node_modules/react-native/third-party-podspecs/DoubleConversion.podspec"
  FBLazyVector:
    :path: "../node_modules/react-native/Libraries/FBLazyVector"
  FBReactNativeSpec:
    :path: "../node_modules/react-native/Libraries/FBReactNativeSpec"
  Folly:
    :podspec: "../node_modules/react-native/third-party-podspecs/Folly.podspec"
  glog:
    :podspec: "../node_modules/react-native/third-party-podspecs/glog.podspec"
  lottie-ios:
    :path: "../node_modules/lottie-ios"
  lottie-react-native:
    :path: "../node_modules/lottie-react-native"
  Permission-BluetoothPeripheral:
    :path: "../node_modules/react-native-permissions/ios/BluetoothPeripheral.podspec"
  Permission-Calendars:
    :path: "../node_modules/react-native-permissions/ios/Calendars.podspec"
  Permission-Camera:
    :path: "../node_modules/react-native-permissions/ios/Camera.podspec"
  Permission-Contacts:
    :path: "../node_modules/react-native-permissions/ios/Contacts.podspec"
  Permission-FaceID:
    :path: "../node_modules/react-native-permissions/ios/FaceID.podspec"
  Permission-LocationAlways:
    :path: "../node_modules/react-native-permissions/ios/LocationAlways.podspec"
  Permission-LocationWhenInUse:
    :path: "../node_modules/react-native-permissions/ios/LocationWhenInUse.podspec"
  Permission-MediaLibrary:
    :path: "../node_modules/react-native-permissions/ios/MediaLibrary.podspec"
  Permission-Microphone:
    :path: "../node_modules/react-native-permissions/ios/Microphone.podspec"
  Permission-Motion:
    :path: "../node_modules/react-native-permissions/ios/Motion.podspec"
  Permission-Notifications:
    :path: "../node_modules/react-native-permissions/ios/Notifications.podspec"
  Permission-PhotoLibrary:
    :path: "../node_modules/react-native-permissions/ios/PhotoLibrary.podspec"
  Permission-Reminders:
    :path: "../node_modules/react-native-permissions/ios/Reminders.podspec"
  RCTRequired:
    :path: "../node_modules/react-native/Libraries/RCTRequired"
  RCTTypeSafety:
    :path: "../node_modules/react-native/Libraries/TypeSafety"
  RCTYouTube:
    :path: "../node_modules/react-native-youtube"
  React:
    :path: "../node_modules/react-native/"
  React-callinvoker:
    :path: "../node_modules/react-native/ReactCommon/callinvoker"
  React-Core:
    :path: "../node_modules/react-native/"
  React-CoreModules:
    :path: "../node_modules/react-native/React/CoreModules"
  React-cxxreact:
    :path: "../node_modules/react-native/ReactCommon/cxxreact"
  React-jsi:
    :path: "../node_modules/react-native/ReactCommon/jsi"
  React-jsiexecutor:
    :path: "../node_modules/react-native/ReactCommon/jsiexecutor"
  React-jsinspector:
    :path: "../node_modules/react-native/ReactCommon/jsinspector"
  react-native-appearance:
    :path: "../node_modules/react-native-appearance"
  react-native-fbsdk:
    :path: "../node_modules/react-native-fbsdk"
  react-native-netinfo:
    :path: "../node_modules/@react-native-community/netinfo"
  react-native-safe-area-context:
    :path: "../node_modules/react-native-safe-area-context"
  react-native-webview:
    :path: "../node_modules/react-native-webview"
  React-RCTActionSheet:
    :path: "../node_modules/react-native/Libraries/ActionSheetIOS"
  React-RCTAnimation:
    :path: "../node_modules/react-native/Libraries/NativeAnimation"
  React-RCTBlob:
    :path: "../node_modules/react-native/Libraries/Blob"
  React-RCTImage:
    :path: "../node_modules/react-native/Libraries/Image"
  React-RCTLinking:
    :path: "../node_modules/react-native/Libraries/LinkingIOS"
  React-RCTNetwork:
    :path: "../node_modules/react-native/Libraries/Network"
  React-RCTSettings:
    :path: "../node_modules/react-native/Libraries/Settings"
  React-RCTText:
    :path: "../node_modules/react-native/Libraries/Text"
  React-RCTVibration:
    :path: "../node_modules/react-native/Libraries/Vibration"
  ReactCommon:
    :path: "../node_modules/react-native/ReactCommon"
  ReactNativeDarkMode:
    :path: "../node_modules/react-native-dark-mode"
  RNAudioRecord:
    :path: "../node_modules/react-native-audio-record"
  RNCAsyncStorage:
    :path: "../node_modules/@react-native-community/async-storage"
  RNCMaskedView:
    :path: "../node_modules/@react-native-community/masked-view"
  RNCPushNotificationIOS:
    :path: "../node_modules/@react-native-community/push-notification-ios"
  RNDeviceInfo:
    :path: "../node_modules/react-native-device-info"
  RNFastImage:
    :path: "../node_modules/react-native-fast-image"
  RNFBApp:
    :path: "../node_modules/@react-native-firebase/app"
  RNGestureHandler:
    :path: "../node_modules/react-native-gesture-handler"
  RNGoogleSignin:
    :path: "../node_modules/@react-native-community/google-signin"
  RNLocalize:
    :path: "../node_modules/react-native-localize"
  RNNotifee:
    :path: "../node_modules/@notifee/react-native"
  RNPermissions:
    :path: "../node_modules/react-native-permissions"
  RNReanimated:
    :path: "../node_modules/react-native-reanimated"
  RNScreens:
    :path: "../node_modules/react-native-screens"
  RNSVG:
    :path: "../node_modules/react-native-svg"
  RNVectorIcons:
    :path: "../node_modules/react-native-vector-icons"
  TouchID:
    :path: "../node_modules/react-native-touch-id"
  Yoga:
    :path: "../node_modules/react-native/ReactCommon/yoga"

SPEC CHECKSUMS:
  AppAuth: 31bcec809a638d7bd2f86ea8a52bd45f6e81e7c7
  boost-for-react-native: 39c7adb57c4e60d6c5479dd8623128eb5b3f0f2c
  BVLinearGradient: e3aad03778a456d77928f594a649e96995f1c872
  CocoaAsyncSocket: 694058e7c0ed05a9e217d1b3c7ded962f4180845
  CocoaLibEvent: 2fab71b8bd46dd33ddb959f7928ec5909f838e3f
  DoubleConversion: cde416483dac037923206447da6e1454df403714
  FBLazyVector: 3ef4a7f62e7db01092f9d517d2ebc0d0677c4a37
  FBReactNativeSpec: dc7fa9088f0f2a998503a352b0554d69a4391c5a
  FBSDKCoreKit: e7dcac0aabcfb09d0166998edd95fe3b05a0ce5d
  FBSDKLoginKit: 1b0cf04df0370b37404213157b060d6666ede814
  FBSDKShareKit: abc29e1bb4f9f59f679adf1ae191006d68455f96
  Firebase: 210f41ca352067d83b1ba4fd2e7fb49a0c017397
  FirebaseCore: 9a41e2de78fef10f63cee30ab10e2945266bc1fc
  FirebaseCoreDiagnostics: 7415bfb3883b3500c5a95c42b6ba66baae78f600
  Flipper: 33585e2d9810fe5528346be33bcf71b37bb7ae13
  Flipper-DoubleConversion: 38631e41ef4f9b12861c67d17cb5518d06badc41
  Flipper-Folly: c12092ea368353b58e992843a990a3225d4533c3
  Flipper-Glog: 1dfd6abf1e922806c52ceb8701a3599a79a200a6
  Flipper-PeerTalk: 116d8f857dc6ef55c7a5a75ea3ceaafe878aadc9
  Flipper-RSocket: 64e7431a55835eb953b0bf984ef3b90ae9fdddd7
  FlipperKit: bc68102cd4952a258a23c9c1b316c7bec1fecf83
  Folly: b73c3869541e86821df3c387eb0af5f65addfab4
  glog: 40a13f7840415b9a77023fbcae0f1e6f43192af3
  GoogleDataTransport: e85fb700c9b027079ce182c3d08e12e0f9618bb4
  GoogleSignIn: 7137d297ddc022a7e0aa4619c86d72c909fa7213
  GoogleUtilities: 7f2f5a07f888cdb145101d6042bc4422f57e70b3
  GTMAppAuth: 4deac854479704f348309e7b66189e604cf5e01e
  GTMSessionFetcher: 6f5c8abbab8a9bce4bb3f057e317728ec6182b10
  libwebp: 946cb3063cea9236285f7e9a8505d806d30e07f3
  lottie-ios: 48fac6be217c76937e36e340e2d09cf7b10b7f5f
  lottie-react-native: 1fb4ce21d6ad37dab8343eaff8719df76035bd93
  nanopb: 59317e09cf1f1a0af72f12af412d54edf52603fc
  OpenSSL-Universal: 8b48cc0d10c1b2923617dfe5c178aa9ed2689355
  Permission-BluetoothPeripheral: 6bdd3f1f07910bbbde9943b6f9dddbfa35278223
  Permission-Calendars: d99acbb5976b08fdde5f149b6dc741045477762f
  Permission-Camera: cc98f099e74178912b7c6b3795c3b59c246f0d7c
  Permission-Contacts: 56cb2a195e10716b3ba202db6de15c625428d49d
  Permission-FaceID: cac04a03fb40a4320b856e935d797ce2434662c4
  Permission-LocationAlways: 04ecf678891b2da5feeaeaa21c4d1d62abb0679e
  Permission-LocationWhenInUse: 26cc130874832c7079ad710c004c218d07e8f203
  Permission-MediaLibrary: 83368ba6679fc6d2234c4bf7ac09bf04f9b921a2
  Permission-Microphone: 2fb25d7e1efe36e82bcff52ce72d03ced7b6d474
  Permission-Motion: 6473c1d10840ab4dcbda7478beaf7355069c9e56
  Permission-Notifications: 1fa4616429c9919eebff8d8f8a05fbc2a51f9e58
  Permission-PhotoLibrary: 7c335322d84ded15089f144d75cec154565fbc66
  Permission-Reminders: 5d8ec4de4f15a859ebdafea51b2e4d6e04e661b6
  PromisesObjC: b14b1c6b68e306650688599de8a45e49fae81151
  RCTRequired: f13f25e7b12f925f1f6a6a8c69d929a03c0129fe
  RCTTypeSafety: 44982c5c8e43ff4141eb519a8ddc88059acd1f3a
  RCTYouTube: 7ff7d42f5ed42d185198681e967fd2c2b661375d
  React: e1c65dd41cb9db13b99f24608e47dd595f28ca9a
  React-callinvoker: 552a6a6bc8b3bb794cf108ad59e5a9e2e3b4fc98
  React-Core: 9d341e725dc9cd2f49e4c49ad1fc4e8776aa2639
  React-CoreModules: 5335e168165da7f7083ce7147768d36d3e292318
  React-cxxreact: d3261ec5f7d11743fbf21e263a34ea51d1f13ebc
  React-jsi: 54245e1d5f4b690dec614a73a3795964eeef13a8
  React-jsiexecutor: 8ca588cc921e70590820ce72b8789b02c67cce38
  React-jsinspector: b14e62ebe7a66e9231e9581279909f2fc3db6606
  react-native-appearance: fc2014516054585d531e07aa0b40ab0de1d2be85
  react-native-fbsdk: c35d42169e64aaf66f01713c1e18d0674f7f6519
  react-native-netinfo: 332d617e448eddc12697c7818185861e6114aebf
  react-native-safe-area-context: 8260e5157617df4b72865f44006797f895b2ada7
  react-native-webview: 0e2881d2e3e72ad52a82445c1a116c43205fd471
  React-RCTActionSheet: 910163b6b09685a35c4ebbc52b66d1bfbbe39fc5
  React-RCTAnimation: 9a883bbe1e9d2e158d4fb53765ed64c8dc2200c6
  React-RCTBlob: 39cf0ece1927996c4466510e25d2105f67010e13
  React-RCTImage: de355d738727b09ad3692f2a979affbd54b5f378
  React-RCTLinking: 8122f221d395a63364b2c0078ce284214bd04575
  React-RCTNetwork: 8f96c7b49ea6a0f28f98258f347b6ad218bc0830
  React-RCTSettings: 8a49622aff9c1925f5455fa340b6fe4853d64ab6
  React-RCTText: 1b6773e776e4b33f90468c20fe3b16ca3e224bb8
  React-RCTVibration: 4d2e726957f4087449739b595f107c0d4b6c2d2d
  ReactCommon: a0a1edbebcac5e91338371b72ffc66aa822792ce
  ReactNativeDarkMode: 0178ffca3b10f6a7c9f49d6f9810232b328fa949
  RNAudioRecord: f38c2caac4bbbc34f24563869745110970f1dfe3
  RNCAsyncStorage: 3eea36d9460c5159b592f9ecbe5a77f8aca98006
  RNCMaskedView: f5c7d14d6847b7b44853f7acb6284c1da30a3459
  RNCPushNotificationIOS: 8025ff0b610d7b28d29ddc1b619cd55814362e4c
  RNDeviceInfo: e841619c3dac5495a095c5455473579ff04908d4
  RNFastImage: e19ba191922e7dab9d932a4d59d62d76660aa222
  RNFBApp: a74d8259d827c8bf55100e759cffa2e50ba6fe30
  RNGestureHandler: 7a5833d0f788dbd107fbb913e09aa0c1ff333c39
  RNGoogleSignin: ccf71ee4b6cfd324fd788a41e457e2043838c0d9
  RNLocalize: c388679af021ddd6069c215f7fdd2acf4e77ede5
  RNNotifee: ccfcb4a3055f1593d8a02378ac527a907e807d04
  RNPermissions: e29e449d948ba1c04f3bb3bede5c662667543c49
  RNReanimated: 89f5e0a04d1dd52fbf27e7e7030d8f80a646a3fc
  RNScreens: 0e91da98ab26d5d04c7b59a9b6bd694124caf88c
  RNSVG: 8ba35cbeb385a52fd960fd28db9d7d18b4c2974f
  RNVectorIcons: bc69e6a278b14842063605de32bec61f0b251a59
  SDWebImage: 62ae4a18473520c67b79e9724c31a63599cc9423
  SDWebImageWebPCoder: d0dac55073088d24b2ac1b191a71a8f8d0adac21
  TouchID: ba4c656d849cceabc2e4eef722dea5e55959ecf4
  Yoga: 7740b94929bbacbddda59bf115b5317e9a161598
  YogaKit: f782866e155069a2cca2517aafea43200b01fd5a
  YoutubePlayer-in-WKWebView: af2f5929fc78882d94bfdfeea999b661b78d9717

PODFILE CHECKSUM: 18a089857b6aaba9f9f44c1418ebd8979129ebe5

COCOAPODS: 1.8.4
